// !$*UTF8*$!
{
	archiveVersion = 1;
	classes = {
	};
	objectVersion = 50;
	objects = {

/* Begin PBXBuildFile section */
		40DE57F22096490F00FF6164 /* AppDelegate.swift in Sources */ = {isa = PBXBuildFile; fileRef = 40DE57F12096490F00FF6164 /* AppDelegate.swift */; };
		40DE57F42096490F00FF6164 /* ViewController.swift in Sources */ = {isa = PBXBuildFile; fileRef = 40DE57F32096490F00FF6164 /* ViewController.swift */; };
		40DE57F72096490F00FF6164 /* Main.storyboard in Resources */ = {isa = PBXBuildFile; fileRef = 40DE57F52096490F00FF6164 /* Main.storyboard */; };
		40DE57FA2096490F00FF6164 /* Prueba2.xcdatamodeld in Sources */ = {isa = PBXBuildFile; fileRef = 40DE57F82096490F00FF6164 /* Prueba2.xcdatamodeld */; };
		40DE57FC2096491100FF6164 /* Assets.xcassets in Resources */ = {isa = PBXBuildFile; fileRef = 40DE57FB2096491100FF6164 /* Assets.xcassets */; };
		40DE57FF2096491100FF6164 /* LaunchScreen.storyboard in Resources */ = {isa = PBXBuildFile; fileRef = 40DE57FD2096491100FF6164 /* LaunchScreen.storyboard */; };
		40DE580A2096491100FF6164 /* Prueba2Tests.swift in Sources */ = {isa = PBXBuildFile; fileRef = 40DE58092096491100FF6164 /* Prueba2Tests.swift */; };
		40DE58152096491100FF6164 /* Prueba2UITests.swift in Sources */ = {isa = PBXBuildFile; fileRef = 40DE58142096491100FF6164 /* Prueba2UITests.swift */; };
/* End PBXBuildFile section */

/* Begin PBXContainerItemProxy section */
		40DE58062096491100FF6164 /* PBXContainerItemProxy */ = {
			isa = PBXContainerItemProxy;
			containerPortal = 40DE57E62096490F00FF6164 /* Project object */;
			proxyType = 1;
			remoteGlobalIDString = 40DE57ED2096490F00FF6164;
			remoteInfo = Prueba2;
		};
		40DE58112096491100FF6164 /* PBXContainerItemProxy */ = {
			isa = PBXContainerItemProxy;
			containerPortal = 40DE57E62096490F00FF6164 /* Project object */;
			proxyType = 1;
			remoteGlobalIDString = 40DE57ED2096490F00FF6164;
			remoteInfo = Prueba2;
		};
/* End PBXContainerItemProxy section */

/* Begin PBXFileReference section */
		40DE57EE2096490F00FF6164 /* Prueba2.app */ = {isa = PBXFileReference; explicitFileType = wrapper.application; includeInIndex = 0; path = Prueba2.app; sourceTree = BUILT_PRODUCTS_DIR; };
		40DE57F12096490F00FF6164 /* AppDelegate.swift */ = {isa = PBXFileReference; lastKnownFileType = sourcecode.swift; path = AppDelegate.swift; sourceTree = "<group>"; };
		40DE57F32096490F00FF6164 /* ViewController.swift */ = {isa = PBXFileReference; lastKnownFileType = sourcecode.swift; path = ViewController.swift; sourceTree = "<group>"; };
		40DE57F62096490F00FF6164 /* Base */ = {isa = PBXFileReference; lastKnownFileType = file.storyboard; name = Base; path = Base.lproj/Main.storyboard; sourceTree = "<group>"; };
		40DE57F92096490F00FF6164 /* Prueba2.xcdatamodel */ = {isa = PBXFileReference; lastKnownFileType = wrapper.xcdatamodel; path = Prueba2.xcdatamodel; sourceTree = "<group>"; };
		40DE57FB2096491100FF6164 /* Assets.xcassets */ = {isa = PBXFileReference; lastKnownFileType = folder.assetcatalog; path = Assets.xcassets; sourceTree = "<group>"; };
		40DE57FE2096491100FF6164 /* Base */ = {isa = PBXFileReference; lastKnownFileType = file.storyboard; name = Base; path = Base.lproj/LaunchScreen.storyboard; sourceTree = "<group>"; };
		40DE58002096491100FF6164 /* Info.plist */ = {isa = PBXFileReference; lastKnownFileType = text.plist.xml; path = Info.plist; sourceTree = "<group>"; };
		40DE58052096491100FF6164 /* Prueba2Tests.xctest */ = {isa = PBXFileReference; explicitFileType = wrapper.cfbundle; includeInIndex = 0; path = Prueba2Tests.xctest; sourceTree = BUILT_PRODUCTS_DIR; };
		40DE58092096491100FF6164 /* Prueba2Tests.swift */ = {isa = PBXFileReference; lastKnownFileType = sourcecode.swift; path = Prueba2Tests.swift; sourceTree = "<group>"; };
		40DE580B2096491100FF6164 /* Info.plist */ = {isa = PBXFileReference; lastKnownFileType = text.plist.xml; path = Info.plist; sourceTree = "<group>"; };
		40DE58102096491100FF6164 /* Prueba2UITests.xctest */ = {isa = PBXFileReference; explicitFileType = wrapper.cfbundle; includeInIndex = 0; path = Prueba2UITests.xctest; sourceTree = BUILT_PRODUCTS_DIR; };
		40DE58142096491100FF6164 /* Prueba2UITests.swift */ = {isa = PBXFileReference; lastKnownFileType = sourcecode.swift; path = Prueba2UITests.swift; sourceTree = "<group>"; };
		40DE58162096491100FF6164 /* Info.plist */ = {isa = PBXFileReference; lastKnownFileType = text.plist.xml; path = Info.plist; sourceTree = "<group>"; };
/* End PBXFileReference section */

/* Begin PBXFrameworksBuildPhase section */
		40DE57EB2096490F00FF6164 /* Frameworks */ = {
			isa = PBXFrameworksBuildPhase;
			buildActionMask = 2147483647;
			files = (
			);
			runOnlyForDeploymentPostprocessing = 0;
		};
		40DE58022096491100FF6164 /* Frameworks */ = {
			isa = PBXFrameworksBuildPhase;
			buildActionMask = 2147483647;
			files = (
			);
			runOnlyForDeploymentPostprocessing = 0;
		};
		40DE580D2096491100FF6164 /* Frameworks */ = {
			isa = PBXFrameworksBuildPhase;
			buildActionMask = 2147483647;
			files = (
			);
			runOnlyForDeploymentPostprocessing = 0;
		};
/* End PBXFrameworksBuildPhase section */

/* Begin PBXGroup section */
		40DE57E52096490F00FF6164 = {
			isa = PBXGroup;
			children = (
				40DE57F02096490F00FF6164 /* Prueba2 */,
				40DE58082096491100FF6164 /* Prueba2Tests */,
				40DE58132096491100FF6164 /* Prueba2UITests */,
				40DE57EF2096490F00FF6164 /* Products */,
			);
			sourceTree = "<group>";
		};
		40DE57EF2096490F00FF6164 /* Products */ = {
			isa = PBXGroup;
			children = (
				40DE57EE2096490F00FF6164 /* Prueba2.app */,
				40DE58052096491100FF6164 /* Prueba2Tests.xctest */,
				40DE58102096491100FF6164 /* Prueba2UITests.xctest */,
			);
			name = Products;
			sourceTree = "<group>";
		};
		40DE57F02096490F00FF6164 /* Prueba2 */ = {
			isa = PBXGroup;
			children = (
				40DE57F12096490F00FF6164 /* AppDelegate.swift */,
				40DE57F32096490F00FF6164 /* ViewController.swift */,
				40DE57F52096490F00FF6164 /* Main.storyboard */,
				40DE57FB2096491100FF6164 /* Assets.xcassets */,
				40DE57FD2096491100FF6164 /* LaunchScreen.storyboard */,
				40DE58002096491100FF6164 /* Info.plist */,
				40DE57F82096490F00FF6164 /* Prueba2.xcdatamodeld */,
			);
			path = Prueba2;
			sourceTree = "<group>";
		};
		40DE58082096491100FF6164 /* Prueba2Tests */ = {
			isa = PBXGroup;
			children = (
				40DE58092096491100FF6164 /* Prueba2Tests.swift */,
				40DE580B2096491100FF6164 /* Info.plist */,
			);
			path = Prueba2Tests;
			sourceTree = "<group>";
		};
		40DE58132096491100FF6164 /* Prueba2UITests */ = {
			isa = PBXGroup;
			children = (
				40DE58142096491100FF6164 /* Prueba2UITests.swift */,
				40DE58162096491100FF6164 /* Info.plist */,
			);
			path = Prueba2UITests;
			sourceTree = "<group>";
		};
/* End PBXGroup section */

/* Begin PBXNativeTarget section */
		40DE57ED2096490F00FF6164 /* Prueba2 */ = {
			isa = PBXNativeTarget;
			buildConfigurationList = 40DE58192096491100FF6164 /* Build configuration list for PBXNativeTarget "Prueba2" */;
			buildPhases = (
				40DE57EA2096490F00FF6164 /* Sources */,
				40DE57EB2096490F00FF6164 /* Frameworks */,
				40DE57EC2096490F00FF6164 /* Resources */,
			);
			buildRules = (
			);
			dependencies = (
			);
			name = Prueba2;
			productName = Prueba2;
			productReference = 40DE57EE2096490F00FF6164 /* Prueba2.app */;
			productType = "com.apple.product-type.application";
		};
		40DE58042096491100FF6164 /* Prueba2Tests */ = {
			isa = PBXNativeTarget;
			buildConfigurationList = 40DE581C2096491100FF6164 /* Build configuration list for PBXNativeTarget "Prueba2Tests" */;
			buildPhases = (
				40DE58012096491100FF6164 /* Sources */,
				40DE58022096491100FF6164 /* Frameworks */,
				40DE58032096491100FF6164 /* Resources */,
			);
			buildRules = (
			);
			dependencies = (
				40DE58072096491100FF6164 /* PBXTargetDependency */,
			);
			name = Prueba2Tests;
			productName = Prueba2Tests;
			productReference = 40DE58052096491100FF6164 /* Prueba2Tests.xctest */;
			productType = "com.apple.product-type.bundle.unit-test";
		};
		40DE580F2096491100FF6164 /* Prueba2UITests */ = {
			isa = PBXNativeTarget;
			buildConfigurationList = 40DE581F2096491100FF6164 /* Build configuration list for PBXNativeTarget "Prueba2UITests" */;
			buildPhases = (
				40DE580C2096491100FF6164 /* Sources */,
				40DE580D2096491100FF6164 /* Frameworks */,
				40DE580E2096491100FF6164 /* Resources */,
			);
			buildRules = (
			);
			dependencies = (
				40DE58122096491100FF6164 /* PBXTargetDependency */,
			);
			name = Prueba2UITests;
			productName = Prueba2UITests;
			productReference = 40DE58102096491100FF6164 /* Prueba2UITests.xctest */;
			productType = "com.apple.product-type.bundle.ui-testing";
		};
/* End PBXNativeTarget section */

/* Begin PBXProject section */
		40DE57E62096490F00FF6164 /* Project object */ = {
			isa = PBXProject;
			attributes = {
				LastSwiftUpdateCheck = 0930;
				LastUpgradeCheck = 0930;
				ORGANIZATIONNAME = "Hugo Andres";
				TargetAttributes = {
					40DE57ED2096490F00FF6164 = {
						CreatedOnToolsVersion = 9.3;
					};
					40DE58042096491100FF6164 = {
						CreatedOnToolsVersion = 9.3;
						TestTargetID = 40DE57ED2096490F00FF6164;
					};
					40DE580F2096491100FF6164 = {
						CreatedOnToolsVersion = 9.3;
						TestTargetID = 40DE57ED2096490F00FF6164;
					};
				};
			};
			buildConfigurationList = 40DE57E92096490F00FF6164 /* Build configuration list for PBXProject "Prueba2" */;
			compatibilityVersion = "Xcode 9.3";
			developmentRegion = en;
			hasScannedForEncodings = 0;
			knownRegions = (
				en,
				Base,
			);
			mainGroup = 40DE57E52096490F00FF6164;
			productRefGroup = 40DE57EF2096490F00FF6164 /* Products */;
			projectDirPath = "";
			projectRoot = "";
			targets = (
				40DE57ED2096490F00FF6164 /* Prueba2 */,
				40DE58042096491100FF6164 /* Prueba2Tests */,
				40DE580F2096491100FF6164 /* Prueba2UITests */,
			);
		};
/* End PBXProject section */

/* Begin PBXResourcesBuildPhase section */
		40DE57EC2096490F00FF6164 /* Resources */ = {
			isa = PBXResourcesBuildPhase;
			buildActionMask = 2147483647;
			files = (
				40DE57FF2096491100FF6164 /* LaunchScreen.storyboard in Resources */,
				40DE57FC2096491100FF6164 /* Assets.xcassets in Resources */,
				40DE57F72096490F00FF6164 /* Main.storyboard in Resources */,
			);
			runOnlyForDeploymentPostprocessing = 0;
		};
		40DE58032096491100FF6164 /* Resources */ = {
			isa = PBXResourcesBuildPhase;
			buildActionMask = 2147483647;
			files = (
			);
			runOnlyForDeploymentPostprocessing = 0;
		};
		40DE580E2096491100FF6164 /* Resources */ = {
			isa = PBXResourcesBuildPhase;
			buildActionMask = 2147483647;
			files = (
			);
			runOnlyForDeploymentPostprocessing = 0;
		};
/* End PBXResourcesBuildPhase section */

/* Begin PBXSourcesBuildPhase section */
		40DE57EA2096490F00FF6164 /* Sources */ = {
			isa = PBXSourcesBuildPhase;
			buildActionMask = 2147483647;
			files = (
				40DE57FA2096490F00FF6164 /* Prueba2.xcdatamodeld in Sources */,
				40DE57F42096490F00FF6164 /* ViewController.swift in Sources */,
				40DE57F22096490F00FF6164 /* AppDelegate.swift in Sources */,
			);
			runOnlyForDeploymentPostprocessing = 0;
		};
		40DE58012096491100FF6164 /* Sources */ = {
			isa = PBXSourcesBuildPhase;
			buildActionMask = 2147483647;
			files = (
				40DE580A2096491100FF6164 /* Prueba2Tests.swift in Sources */,
			);
			runOnlyForDeploymentPostprocessing = 0;
		};
		40DE580C2096491100FF6164 /* Sources */ = {
			isa = PBXSourcesBuildPhase;
			buildActionMask = 2147483647;
			files = (
				40DE58152096491100FF6164 /* Prueba2UITests.swift in Sources */,
			);
			runOnlyForDeploymentPostprocessing = 0;
		};
/* End PBXSourcesBuildPhase section */

/* Begin PBXTargetDependency section */
		40DE58072096491100FF6164 /* PBXTargetDependency */ = {
			isa = PBXTargetDependency;
			target = 40DE57ED2096490F00FF6164 /* Prueba2 */;
			targetProxy = 40DE58062096491100FF6164 /* PBXContainerItemProxy */;
		};
		40DE58122096491100FF6164 /* PBXTargetDependency */ = {
			isa = PBXTargetDependency;
			target = 40DE57ED2096490F00FF6164 /* Prueba2 */;
			targetProxy = 40DE58112096491100FF6164 /* PBXContainerItemProxy */;
		};
/* End PBXTargetDependency section */

/* Begin PBXVariantGroup section */
		40DE57F52096490F00FF6164 /* Main.storyboard */ = {
			isa = PBXVariantGroup;
			children = (
				40DE57F62096490F00FF6164 /* Base */,
			);
			name = Main.storyboard;
			sourceTree = "<group>";
		};
		40DE57FD2096491100FF6164 /* LaunchScreen.storyboard */ = {
			isa = PBXVariantGroup;
			children = (
				40DE57FE2096491100FF6164 /* Base */,
			);
			name = LaunchScreen.storyboard;
			sourceTree = "<group>";
		};
/* End PBXVariantGroup section */

/* Begin XCBuildConfiguration section */
		40DE58172096491100FF6164 /* Debug */ = {
			isa = XCBuildConfiguration;
			buildSettings = {
				ALWAYS_SEARCH_USER_PATHS = NO;
				CLANG_ANALYZER_NONNULL = YES;
				CLANG_ANALYZER_NUMBER_OBJECT_CONVERSION = YES_AGGRESSIVE;
				CLANG_CXX_LANGUAGE_STANDARD = "gnu++14";
				CLANG_CXX_LIBRARY = "libc++";
				CLANG_ENABLE_MODULES = YES;
				CLANG_ENABLE_OBJC_ARC = YES;
				CLANG_ENABLE_OBJC_WEAK = YES;
				CLANG_WARN_BLOCK_CAPTURE_AUTORELEASING = YES;
				CLANG_WARN_BOOL_CONVERSION = YES;
				CLANG_WARN_COMMA = YES;
				CLANG_WARN_CONSTANT_CONVERSION = YES;
				CLANG_WARN_DEPRECATED_OBJC_IMPLEMENTATIONS = YES;
				CLANG_WARN_DIRECT_OBJC_ISA_USAGE = YES_ERROR;
				CLANG_WARN_DOCUMENTATION_COMMENTS = YES;
				CLANG_WARN_EMPTY_BODY = YES;
				CLANG_WARN_ENUM_CONVERSION = YES;
				CLANG_WARN_INFINITE_RECURSION = YES;
				CLANG_WARN_INT_CONVERSION = YES;
				CLANG_WARN_NON_LITERAL_NULL_CONVERSION = YES;
				CLANG_WARN_OBJC_IMPLICIT_RETAIN_SELF = YES;
				CLANG_WARN_OBJC_LITERAL_CONVERSION = YES;
				CLANG_WARN_OBJC_ROOT_CLASS = YES_ERROR;
				CLANG_WARN_RANGE_LOOP_ANALYSIS = YES;
				CLANG_WARN_STRICT_PROTOTYPES = YES;
				CLANG_WARN_SUSPICIOUS_MOVE = YES;
				CLANG_WARN_UNGUARDED_AVAILABILITY = YES_AGGRESSIVE;
				CLANG_WARN_UNREACHABLE_CODE = YES;
				CLANG_WARN__DUPLICATE_METHOD_MATCH = YES;
				CODE_SIGN_IDENTITY = "iPhone Developer";
				COPY_PHASE_STRIP = NO;
				DEBUG_INFORMATION_FORMAT = dwarf;
				ENABLE_STRICT_OBJC_MSGSEND = YES;
				ENABLE_TESTABILITY = YES;
				GCC_C_LANGUAGE_STANDARD = gnu11;
				GCC_DYNAMIC_NO_PIC = NO;
				GCC_NO_COMMON_BLOCKS = YES;
				GCC_OPTIMIZATION_LEVEL = 0;
				GCC_PREPROCESSOR_DEFINITIONS = (
					"DEBUG=1",
					"$(inherited)",
				);
				GCC_WARN_64_TO_32_BIT_CONVERSION = YES;
				GCC_WARN_ABOUT_RETURN_TYPE = YES_ERROR;
				GCC_WARN_UNDECLARED_SELECTOR = YES;
				GCC_WARN_UNINITIALIZED_AUTOS = YES_AGGRESSIVE;
				GCC_WARN_UNUSED_FUNCTION = YES;
				GCC_WARN_UNUSED_VARIABLE = YES;
				IPHONEOS_DEPLOYMENT_TARGET = 11.3;
				MTL_ENABLE_DEBUG_INFO = YES;
				ONLY_ACTIVE_ARCH = YES;
				SDKROOT = iphoneos;
				SWIFT_ACTIVE_COMPILATION_CONDITIONS = DEBUG;
				SWIFT_OPTIMIZATION_LEVEL = "-Onone";
			};
			name = Debug;
		};
		40DE58182096491100FF6164 /* Release */ = {
			isa = XCBuildConfiguration;
			buildSettings = {
				ALWAYS_SEARCH_USER_PATHS = NO;
				CLANG_ANALYZER_NONNULL = YES;
				CLANG_ANALYZER_NUMBER_OBJECT_CONVERSION = YES_AGGRESSIVE;
				CLANG_CXX_LANGUAGE_STANDARD = "gnu++14";
				CLANG_CXX_LIBRARY = "libc++";
				CLANG_ENABLE_MODULES = YES;
				CLANG_ENABLE_OBJC_ARC = YES;
				CLANG_ENABLE_OBJC_WEAK = YES;
				CLANG_WARN_BLOCK_CAPTURE_AUTORELEASING = YES;
				CLANG_WARN_BOOL_CONVERSION = YES;
				CLANG_WARN_COMMA = YES;
				CLANG_WARN_CONSTANT_CONVERSION = YES;
				CLANG_WARN_DEPRECATED_OBJC_IMPLEMENTATIONS = YES;
				CLANG_WARN_DIRECT_OBJC_ISA_USAGE = YES_ERROR;
				CLANG_WARN_DOCUMENTATION_COMMENTS = YES;
				CLANG_WARN_EMPTY_BODY = YES;
				CLANG_WARN_ENUM_CONVERSION = YES;
				CLANG_WARN_INFINITE_RECURSION = YES;
				CLANG_WARN_INT_CONVERSION = YES;
				CLANG_WARN_NON_LITERAL_NULL_CONVERSION = YES;
				CLANG_WARN_OBJC_IMPLICIT_RETAIN_SELF = YES;
				CLANG_WARN_OBJC_LITERAL_CONVERSION = YES;
				CLANG_WARN_OBJC_ROOT_CLASS = YES_ERROR;
				CLANG_WARN_RANGE_LOOP_ANALYSIS = YES;
				CLANG_WARN_STRICT_PROTOTYPES = YES;
				CLANG_WARN_SUSPICIOUS_MOVE = YES;
				CLANG_WARN_UNGUARDED_AVAILABILITY = YES_AGGRESSIVE;
				CLANG_WARN_UNREACHABLE_CODE = YES;
				CLANG_WARN__DUPLICATE_METHOD_MATCH = YES;
				CODE_SIGN_IDENTITY = "iPhone Developer";
				COPY_PHASE_STRIP = NO;
				DEBUG_INFORMATION_FORMAT = "dwarf-with-dsym";
				ENABLE_NS_ASSERTIONS = NO;
				ENABLE_STRICT_OBJC_MSGSEND = YES;
				GCC_C_LANGUAGE_STANDARD = gnu11;
				GCC_NO_COMMON_BLOCKS = YES;
				GCC_WARN_64_TO_32_BIT_CONVERSION = YES;
				GCC_WARN_ABOUT_RETURN_TYPE = YES_ERROR;
				GCC_WARN_UNDECLARED_SELECTOR = YES;
				GCC_WARN_UNINITIALIZED_AUTOS = YES_AGGRESSIVE;
				GCC_WARN_UNUSED_FUNCTION = YES;
				GCC_WARN_UNUSED_VARIABLE = YES;
				IPHONEOS_DEPLOYMENT_TARGET = 11.3;
				MTL_ENABLE_DEBUG_INFO = NO;
				SDKROOT = iphoneos;
				SWIFT_COMPILATION_MODE = wholemodule;
				SWIFT_OPTIMIZATION_LEVEL = "-O";
				VALIDATE_PRODUCT = YES;
			};
			name = Release;
		};
		40DE581A2096491100FF6164 /* Debug */ = {
			isa = XCBuildConfiguration;
			buildSettings = {
				ASSETCATALOG_COMPILER_APPICON_NAME = AppIcon;
				CODE_SIGN_STYLE = Automatic;
				DEVELOPMENT_TEAM = 8468U436K8;
				INFOPLIST_FILE = Prueba2/Info.plist;
				LD_RUNPATH_SEARCH_PATHS = (
					"$(inherited)",
					"@executable_path/Frameworks",
				);
				PRODUCT_BUNDLE_IDENTIFIER = pe.edu.upc.Prueba2;
				PRODUCT_NAME = "$(TARGET_NAME)";
				SWIFT_VERSION = 4.0;
				TARGETED_DEVICE_FAMILY = "1,2";
			};
			name = Debug;
		};
		40DE581B2096491100FF6164 /* Release */ = {
			isa = XCBuildConfiguration;
			buildSettings = {
				ASSETCATALOG_COMPILER_APPICON_NAME = AppIcon;
				CODE_SIGN_STYLE = Automatic;
				DEVELOPMENT_TEAM = 8468U436K8;
				INFOPLIST_FILE = Prueba2/Info.plist;
				LD_RUNPATH_SEARCH_PATHS = (
					"$(inherited)",
					"@executable_path/Frameworks",
				);
				PRODUCT_BUNDLE_IDENTIFIER = pe.edu.upc.Prueba2;
				PRODUCT_NAME = "$(TARGET_NAME)";
				SWIFT_VERSION = 4.0;
				TARGETED_DEVICE_FAMILY = "1,2";
			};
			name = Release;
		};
		40DE581D2096491100FF6164 /* Debug */ = {
			isa = XCBuildConfiguration;
			buildSettings = {
				ALWAYS_EMBED_SWIFT_STANDARD_LIBRARIES = YES;
				BUNDLE_LOADER = "$(TEST_HOST)";
				CODE_SIGN_STYLE = Automatic;
				DEVELOPMENT_TEAM = 8468U436K8;
				INFOPLIST_FILE = Prueba2Tests/Info.plist;
				LD_RUNPATH_SEARCH_PATHS = (
					"$(inherited)",
					"@executable_path/Frameworks",
					"@loader_path/Frameworks",
				);
				PRODUCT_BUNDLE_IDENTIFIER = pe.edu.upc.Prueba2Tests;
				PRODUCT_NAME = "$(TARGET_NAME)";
				SWIFT_VERSION = 4.0;
				TARGETED_DEVICE_FAMILY = "1,2";
				TEST_HOST = "$(BUILT_PRODUCTS_DIR)/Prueba2.app/Prueba2";
			};
			name = Debug;
		};
		40DE581E2096491100FF6164 /* Release */ = {
			isa = XCBuildConfiguration;
			buildSettings = {
				ALWAYS_EMBED_SWIFT_STANDARD_LIBRARIES = YES;
				BUNDLE_LOADER = "$(TEST_HOST)";
				CODE_SIGN_STYLE = Automatic;
				DEVELOPMENT_TEAM = 8468U436K8;
				INFOPLIST_FILE = Prueba2Tests/Info.plist;
				LD_RUNPATH_SEARCH_PATHS = (
					"$(inherited)",
					"@executable_path/Frameworks",
					"@loader_path/Frameworks",
				);
				PRODUCT_BUNDLE_IDENTIFIER = pe.edu.upc.Prueba2Tests;
				PRODUCT_NAME = "$(TARGET_NAME)";
				SWIFT_VERSION = 4.0;
				TARGETED_DEVICE_FAMILY = "1,2";
				TEST_HOST = "$(BUILT_PRODUCTS_DIR)/Prueba2.app/Prueba2";
			};
			name = Release;
		};
		40DE58202096491100FF6164 /* Debug */ = {
			isa = XCBuildConfiguration;
			buildSettings = {
				ALWAYS_EMBED_SWIFT_STANDARD_LIBRARIES = YES;
				CODE_SIGN_STYLE = Automatic;
				DEVELOPMENT_TEAM = 8468U436K8;
				INFOPLIST_FILE = Prueba2UITests/Info.plist;
				LD_RUNPATH_SEARCH_PATHS = (
					"$(inherited)",
					"@executable_path/Frameworks",
					"@loader_path/Frameworks",
				);
				PRODUCT_BUNDLE_IDENTIFIER = pe.edu.upc.Prueba2UITests;
				PRODUCT_NAME = "$(TARGET_NAME)";
				SWIFT_VERSION = 4.0;
				TARGETED_DEVICE_FAMILY = "1,2";
				TEST_TARGET_NAME = Prueba2;
			};
			name = Debug;
		};
		40DE58212096491100FF6164 /* Release */ = {
			isa = XCBuildConfiguration;
			buildSettings = {
				ALWAYS_EMBED_SWIFT_STANDARD_LIBRARIES = YES;
				CODE_SIGN_STYLE = Automatic;
				DEVELOPMENT_TEAM = 8468U436K8;
				INFOPLIST_FILE = Prueba2UITests/Info.plist;
				LD_RUNPATH_SEARCH_PATHS = (
					"$(inherited)",
					"@executable_path/Frameworks",
					"@loader_path/Frameworks",
				);
				PRODUCT_BUNDLE_IDENTIFIER = pe.edu.upc.Prueba2UITests;
				PRODUCT_NAME = "$(TARGET_NAME)";
				SWIFT_VERSION = 4.0;
				TARGETED_DEVICE_FAMILY = "1,2";
				TEST_TARGET_NAME = Prueba2;
			};
			name = Release;
		};
/* End XCBuildConfiguration section */

/* Begin XCConfigurationList section */
		40DE57E92096490F00FF6164 /* Build configuration list for PBXProject "Prueba2" */ = {
			isa = XCConfigurationList;
			buildConfigurations = (
				40DE58172096491100FF6164 /* Debug */,
				40DE58182096491100FF6164 /* Release */,
			);
			defaultConfigurationIsVisible = 0;
			defaultConfigurationName = Release;
		};
		40DE58192096491100FF6164 /* Build configuration list for PBXNativeTarget "Prueba2" */ = {
			isa = XCConfigurationList;
			buildConfigurations = (
				40DE581A2096491100FF6164 /* Debug */,
				40DE581B2096491100FF6164 /* Release */,
			);
			defaultConfigurationIsVisible = 0;
			defaultConfigurationName = Release;
		};
		40DE581C2096491100FF6164 /* Build configuration list for PBXNativeTarget "Prueba2Tests" */ = {
			isa = XCConfigurationList;
			buildConfigurations = (
				40DE581D2096491100FF6164 /* Debug */,
				40DE581E2096491100FF6164 /* Release */,
			);
			defaultConfigurationIsVisible = 0;
			defaultConfigurationName = Release;
		};
		40DE581F2096491100FF6164 /* Build configuration list for PBXNativeTarget "Prueba2UITests" */ = {
			isa = XCConfigurationList;
			buildConfigurations = (
				40DE58202096491100FF6164 /* Debug */,
				40DE58212096491100FF6164 /* Release */,
			);
			defaultConfigurationIsVisible = 0;
			defaultConfigurationName = Release;
		};
/* End XCConfigurationList section */

/* Begin XCVersionGroup section */
		40DE57F82096490F00FF6164 /* Prueba2.xcdatamodeld */ = {
			isa = XCVersionGroup;
			children = (
				40DE57F92096490F00FF6164 /* Prueba2.xcdatamodel */,
			);
			currentVersion = 40DE57F92096490F00FF6164 /* Prueba2.xcdatamodel */;
			path = Prueba2.xcdatamodeld;
			sourceTree = "<group>";
			versionGroupType = wrapper.xcdatamodel;
		};
/* End XCVersionGroup section */
	};
	rootObject = 40DE57E62096490F00FF6164 /* Project object */;
}
